# This file is autogenerated, do not edit; changes may be undone by the next 'dep ensure'.


[[projects]]
  digest = "1:26732ba31554b268ed209e7eee75387dd2cfb9b8109aea1cb18085291222d8e3"
  name = "github.com/MakeNowJust/heredoc"
  packages = ["."]
  pruneopts = "U"
  revision = "bb23615498cded5e105af4ce27de75b089cbe851"

[[projects]]
  digest = "1:4c02d1560570c0230c5d8d439147d2e17f1e6e56f63863f0db186b12eb088f20"
  name = "github.com/Microsoft/go-winio"
  packages = ["."]
  pruneopts = "U"
  revision = "a6d595ae73cf27a1b8fc32930668708f45ce1c85"
  version = "v0.4.9"

[[projects]]
  digest = "1:85b68a6ac7e02371404c0bc0391cbdb830fb68ec1afb3e1aa5afd63f85885e09"
  name = "github.com/PuerkitoBio/purell"
  packages = ["."]
  pruneopts = "U"
  revision = "0bcb03f4b4d0a9428594752bd2a3b9aa0a9d4bd4"
  version = "v1.1.0"

[[projects]]
  branch = "master"
  digest = "1:331a419049c2be691e5ba1d24342fc77c7e767a80c666a18fd8a9f7b82419c1c"
  name = "github.com/PuerkitoBio/urlesc"
  packages = ["."]
  pruneopts = "U"
  revision = "de5bf2ad457846296e2031421a34e2568e304e35"

[[projects]]
  branch = "master"
  digest = "1:f057a1b6aaf4084f766185ffd195b0e439910ab426220e714f550867a1a28ce8"
  name = "github.com/beorn7/perks"
  packages = ["quantile"]
  pruneopts = "U"
  revision = "3a771d992973f24aa725d07868b467d1ddfceafb"

[[projects]]
  digest = "1:c14ea66cd6dbc30d78b0d3640721d193ca230c06d0d20148490e89b70da1f89e"
  name = "github.com/blang/semver"
  packages = ["."]
  pruneopts = "U"
  revision = "2ee87856327ba09384cabd113bc6b5d174e9ec0f"
  version = "v3.5.1"

[[projects]]
  branch = "master"
  digest = "1:010e072526ea219f17252bc5d050f7767584bc8ab10b4d83d68636bba82d9d18"
  name = "github.com/chai2010/gettext-go"
  packages = [
    "gettext",
    "gettext/mo",
    "gettext/plural",
    "gettext/po",
  ]
  pruneopts = "U"
  revision = "bf70f2a70fb1b1f36d90d671a72795984eab0fcb"

[[projects]]
  digest = "1:372a7930ae56f46450c812698467c68739d184438ac1f60d1fe215c24498ab2c"
  name = "github.com/coreos/etcd"
  packages = [
    "auth/authpb",
    "clientv3",
    "etcdserver/api/v3rpc/rpctypes",
    "etcdserver/etcdserverpb",
    "mvcc/mvccpb",
    "pkg/tlsutil",
    "pkg/transport",
    "pkg/types",
  ]
  pruneopts = "U"
  revision = "fca8add78a9d926166eb739b8e4a124434025ba3"
  version = "v3.3.9"

[[projects]]
  digest = "1:18f5633b476e7563914911f12a1e1064f6158d11331b81077134d54816c7775c"
  name = "github.com/davecgh/go-spew"
  packages = ["spew"]
  pruneopts = "U"
  revision = "346938d642f2ec3594ed81d874461961cd0faa76"
  version = "v1.1.0"

[[projects]]
  digest = "1:2f4361909701dd07c2532b8efd8d523452c0ad39edcad8d58292ec12066cf64f"
  name = "github.com/docker/distribution"
  packages = [
    "digestset",
    "reference",
  ]
  pruneopts = "U"
  revision = "edc3ab29cdff8694dd6feb85cfeb4b5f1b38ed9c"

[[projects]]
  digest = "1:3b3b6428993b15798938bed6fd3beeb9f8f4d15ea1a6146e33e0f89e4095f966"
  name = "github.com/docker/docker"
  packages = [
    "api",
    "api/types",
    "api/types/blkiodev",
    "api/types/container",
    "api/types/events",
    "api/types/filters",
    "api/types/image",
    "api/types/mount",
    "api/types/network",
    "api/types/registry",
    "api/types/strslice",
    "api/types/swarm",
    "api/types/swarm/runtime",
    "api/types/time",
    "api/types/versions",
    "api/types/volume",
    "client",
    "pkg/ioutils",
    "pkg/longpath",
    "pkg/mount",
    "pkg/system",
    "pkg/tlsconfig",
  ]
  pruneopts = "U"
  revision = "4f3616fb1c112e206b88cb7a9922bf49067a7756"

[[projects]]
  digest = "1:b8319f9734432d5398c15db0ad2aa191144236ede2f72ae9ec3708dc2f3f6e66"
  name = "github.com/docker/go-connections"
  packages = [
    "nat",
    "sockets",
    "tlsconfig",
  ]
  pruneopts = "U"
  revision = "7395e3f8aa162843a74ed6d48e79627d9792ac55"
  version = "v0.4.0"

[[projects]]
  digest = "1:582d54fcb7233da8dde1dfd2210a5b9675d0685f84246a8d317b07d680c18b1b"
  name = "github.com/docker/go-units"
  packages = ["."]
  pruneopts = "U"
  revision = "47565b4f722fb6ceae66b95f853feed578a4a51c"
  version = "v0.3.3"

[[projects]]
  digest = "1:e856285d778e5786f9cf9be0ab97ca324876f9c8421f64bc12c0a041d69bd325"
  name = "github.com/docker/libnetwork"
  packages = ["ipvs"]
  pruneopts = "U"
  revision = "ba46b928444931e6865d8618dc03622cac79aa6f"

[[projects]]
  branch = "master"
  digest = "1:b3831afc10e08881b086234d868bec122fbc408b34c90f29d439376ca83dc27d"
  name = "github.com/docker/libtrust"
  packages = ["."]
  pruneopts = "U"
  revision = "aabc10ec26b754e797f9028f4589c5b7bd90dc20"

[[projects]]
  digest = "1:b13707423743d41665fd23f0c36b2f37bb49c30e94adb813319c44188a51ba22"
  name = "github.com/ghodss/yaml"
  packages = ["."]
  pruneopts = "U"
  revision = "0ca9ea5df5451ffdf184b4428c902747c2c11cd7"
  version = "v1.0.0"

[[projects]]
  digest = "1:284aeaa7733c2017a2a3523f299a502472b509601499e89c8744502ec0882427"
  name = "github.com/gogo/protobuf"
  packages = [
    "gogoproto",
    "proto",
    "protoc-gen-gogo/descriptor",
    "sortkeys",
  ]
  pruneopts = "U"
  revision = "636bf0302bc95575d69441b25a2603156ffdddf1"
  version = "v1.1.1"

[[projects]]
  branch = "master"
  digest = "1:107b233e45174dbab5b1324201d092ea9448e58243ab9f039e4c0f332e121e3a"
  name = "github.com/golang/glog"
  packages = ["."]
  pruneopts = "U"
  revision = "23def4e6c14b4da8ac2ed8007337bc5eb5007998"

[[projects]]
  branch = "master"
  digest = "1:db8c65f2bffbc89453486c5b351d402e3d9ba5e62a82d72555c0005f1c9faa27"
  name = "github.com/golang/groupcache"
  packages = ["lru"]
  pruneopts = "U"
  revision = "24b0969c4cb722950103eed87108c8d291a8df00"

[[projects]]
  digest = "1:f52d858cb070f520e791ba9984956af2f5a34e9180a9e5e638e6dff655f49707"
  name = "github.com/golang/protobuf"
  packages = [
    "proto",
    "ptypes",
    "ptypes/any",
    "ptypes/duration",
    "ptypes/timestamp",
  ]
  pruneopts = "U"
  revision = "b4deda0973fb4c70b50d226b1af49f3da59f5265"
  version = "v1.1.0"

[[projects]]
  branch = "master"
  digest = "1:be28c0531a755f2178acf1e327e6f5a8a3968feb5f2567cdc968064253141751"
  name = "github.com/google/btree"
  packages = ["."]
  pruneopts = "U"
  revision = "e89373fe6b4a7413d7acd6da1725b83ef713e6e4"

[[projects]]
  branch = "master"
  digest = "1:754f77e9c839b24778a4b64422236d38515301d2baeb63113aa3edc42e6af692"
  name = "github.com/google/gofuzz"
  packages = ["."]
  pruneopts = "U"
  revision = "24818f796faf91cd76ec7bddd72458fbced7a6c1"

[[projects]]
  digest = "1:c1d7e883c50a26ea34019320d8ae40fad86c9e5d56e63a1ba2cb618cef43e986"
  name = "github.com/google/uuid"
  packages = ["."]
  pruneopts = "U"
  revision = "064e2069ce9c359c118179501254f67d7d37ba24"
  version = "0.2"

[[projects]]
  digest = "1:65c4414eeb350c47b8de71110150d0ea8a281835b1f386eacaa3ad7325929c21"
  name = "github.com/googleapis/gnostic"
  packages = [
    "OpenAPIv2",
    "compiler",
    "extensions",
  ]
  pruneopts = "U"
  revision = "7c663266750e7d82587642f65e60bc4083f1f84e"
  version = "v0.2.0"

[[projects]]
  branch = "master"
  digest = "1:3a73ac7726478f5f26bfeadf93e347968c1903ef6c991ecf35e968277279f82e"
  name = "github.com/gregjones/httpcache"
  packages = [
    ".",
    "diskcache",
  ]
  pruneopts = "U"
  revision = "9cad4c3443a7200dd6400aef47183728de563a38"

[[projects]]
  branch = "master"
  digest = "1:9c776d7d9c54b7ed89f119e449983c3f24c0023e75001d6092442412ebca6b94"
  name = "github.com/hashicorp/golang-lru"
  packages = [
    ".",
    "simplelru",
  ]
  pruneopts = "U"
  revision = "0fb14efe8c47ae851c0034ed7a448854d3d34cf3"

[[projects]]
  digest = "1:4db9f038bc0ec69d82b5ffac9aa0f5dd10715ff879af2ce57ab0637737d8b85b"
  name = "github.com/imdario/mergo"
  packages = ["."]
  pruneopts = "U"
  revision = "9f23e2d6bd2a77f959b2bf6acdbefd708a83a4a4"
  version = "v0.3.6"

[[projects]]
  digest = "1:870d441fe217b8e689d7949fef6e43efbc787e50f200cb1e70dbca9204a1d6be"
  name = "github.com/inconshreveable/mousetrap"
  packages = ["."]
  pruneopts = "U"
  revision = "76626ae9c91c4f2a10f34cad8ce83ea42c93bb75"
  version = "v1.0"

[[projects]]
  digest = "1:40d18604e66ae46ec8e8c377249677c327bfe51de5abf2e9705cb2e4a1edd47a"
  name = "github.com/json-iterator/go"
  packages = ["."]
  pruneopts = "U"
  revision = "1624edc4454b8682399def8740d46db5e4362ba4"
  version = "1.1.5"

[[projects]]
  digest = "1:d4be637984a9527739549aaa168acabe115ada76db51ac24ce50b4d5a95e4353"
  name = "github.com/matttproud/golang_protobuf_extensions"
  packages = ["pbutil"]
  pruneopts = "U"
  revision = "c12348ce28de40eed0136aa2b644d0ee0650e56c"
  version = "v1.0.1"

[[projects]]
  digest = "1:245093ea908ecc1bf995bc6e9dc022b6097933f058a79957996d3055b9a56b39"
  name = "github.com/mholt/caddy"
  packages = [
    "caddyfile",
    "telemetry",
  ]
  pruneopts = "U"
  revision = "1f7b5abc80679fb71ee0e04ed98cbe284b1fc181"
  version = "v0.11.0"

[[projects]]
  digest = "1:0c0ff2a89c1bb0d01887e1dac043ad7efbf3ec77482ef058ac423d13497e16fd"
  name = "github.com/modern-go/concurrent"
  packages = ["."]
  pruneopts = "U"
  revision = "bacd9c7ef1dd9b15be4a9909b8ac7a4e313eec94"
  version = "1.0.3"

[[projects]]
  digest = "1:e32bdbdb7c377a07a9a46378290059822efdce5c8d96fe71940d87cb4f918855"
  name = "github.com/modern-go/reflect2"
  packages = ["."]
  pruneopts = "U"
  revision = "4b7aa43c6742a2c18fdef89dd197aaae7dac7ccd"
  version = "1.0.1"

[[projects]]
  digest = "1:5d9b668b0b4581a978f07e7d2e3314af18eb27b3fb5d19b70185b7c575723d11"
  name = "github.com/opencontainers/go-digest"
  packages = ["."]
  pruneopts = "U"
  revision = "279bed98673dd5bef374d3b6e4b09e2af76183bf"
  version = "v1.0.0-rc1"

[[projects]]
  digest = "1:11db38d694c130c800d0aefb502fb02519e514dc53d9804ce51d1ad25ec27db6"
  name = "github.com/opencontainers/image-spec"
  packages = [
    "specs-go",
    "specs-go/v1",
  ]
  pruneopts = "U"
  revision = "d60099175f88c47cd379c4738d158884749ed235"
  version = "v1.0.1"

[[projects]]
  branch = "master"
  digest = "1:02b3f37b1304f8f7459b1974853ea119b78cc31268bd4d8538644bda1624e15b"
  name = "github.com/petar/GoLLRB"
  packages = ["llrb"]
  pruneopts = "U"
  revision = "53be0d36a84c2a886ca057d34b6aa4468df9ccb4"

[[projects]]
  digest = "1:40c3e2cb3848e78e9452686e65db914e918f105b4c551eee0000a24e27fed670"
  name = "github.com/peterbourgon/diskv"
  packages = ["."]
  pruneopts = "U"
  revision = "5f041e8faa004a95c88a202771f4cc3e991971e6"
  version = "v2.0.1"

[[projects]]
  digest = "1:7365acd48986e205ccb8652cc746f09c8b7876030d53710ea6ef7d0bd0dcd7ca"
  name = "github.com/pkg/errors"
  packages = ["."]
  pruneopts = "U"
  revision = "645ef00459ed84a119197bfb8d8205042c6df63d"
  version = "v0.8.0"

[[projects]]
  digest = "1:97f2e3987902ab89b6fe5cff761b3b318aed6fb3c0d9cc31986073e7fae2444a"
  name = "github.com/pmezard/go-difflib"
  packages = ["difflib"]
  pruneopts = "U"
  revision = "792786c7400a136282c1664665ae0a8db921c6c2"
  version = "v1.0.0"

[[projects]]
  digest = "1:96f9620b182a34b026e59f6c5815ea43fafb5f92961632e8fe40cc9587855078"
  name = "github.com/prometheus/client_golang"
  packages = ["prometheus"]
  pruneopts = "U"
  revision = "c5b7fccd204277076155f10851dad72b76a49317"
  version = "v0.8.0"

[[projects]]
  branch = "master"
  digest = "1:2d5cd61daa5565187e1d96bae64dbbc6080dacf741448e9629c64fd93203b0d4"
  name = "github.com/prometheus/client_model"
  packages = ["go"]
  pruneopts = "U"
  revision = "5c3871d89910bfb32f5fcab2aa4b9ec68e65a99f"

[[projects]]
  branch = "master"
  digest = "1:ab87d11c2f193937ec46f534a6315d7bea4a9f1ff131913db3f9137d5cbbe65d"
  name = "github.com/prometheus/common"
  packages = [
    "expfmt",
    "internal/bitbucket.org/ww/goautoneg",
    "model",
  ]
  pruneopts = "U"
  revision = "c7de2306084e37d54b8be01f3541a8464345e9a5"

[[projects]]
  branch = "master"
  digest = "1:764c4aa9cc8cdacbcb11ffe561da971a72d8a4b62df8b8e7198fe38effd887cb"
  name = "github.com/prometheus/procfs"
  packages = [
    ".",
    "internal/util",
    "nfs",
    "xfs",
  ]
  pruneopts = "U"
  revision = "05ee40e3a273f7245e8777337fc7b46e533a9a92"

[[projects]]
  digest = "1:67e1c0452400f76beb20d393d1af7ac30039188fbc4db2ad24babd57cd433b03"
  name = "github.com/renstrom/dedent"
  packages = ["."]
  pruneopts = "U"
  revision = "a1eba44eaecc89804e4b05ce2d17168eb353d524"
  version = "v1.0.0"

[[projects]]
  digest = "1:d6813044c7b192ad739c9fb48e3bf1c7fc9168109f3374baa7db082be70612e0"
  name = "github.com/russross/blackfriday"
  packages = ["."]
  pruneopts = "U"
  revision = "55d61fa8aa702f59229e6cff85793c22e580eaf5"
  version = "v1.5.1"

[[projects]]
  digest = "1:b18c93b7191c022425644f7c6c1fd8399f23a4198fe58bf3cd855745cb9f49c6"
  name = "github.com/sirupsen/logrus"
  packages = ["."]
  pruneopts = "U"
  revision = "3e01752db0189b9157070a0e1668a620f9a85da2"
  version = "v1.0.6"

[[projects]]
  digest = "1:d58495e9916b71a08d10b811fd59bc48298e9187406c33c72047f93db4119636"
  name = "github.com/spf13/cobra"
  packages = ["."]
  pruneopts = "U"
  revision = "ef82de70bb3f60c65fb8eebacbb2d122ef517385"
  version = "v0.0.3"

[[projects]]
  digest = "1:34bb8180f0a69bdb12780ab1444079848d604143309e5f42b3e6623c67e91fe3"
  name = "github.com/spf13/pflag"
  packages = ["."]
  pruneopts = "U"
  revision = "583c0c0531f06d5278b7d917446061adc344b5cd"
  version = "v1.0.1"

[[projects]]
  digest = "1:62c701abe81873c12bc5da5c3f204d7293bb88e31977d5e7e258cfbbd2ca496a"
  name = "github.com/ugorji/go"
  packages = ["codec"]
  pruneopts = "U"
  revision = "b4c50a2b199d93b13dc15e78929cfb23bfdf21ab"
  version = "v1.1.1"

[[projects]]
  digest = "1:bd173826d3137ca2fb5bb549567935298edf3c9376933e4fefccd0a0da2a9c26"
  name = "github.com/vishvananda/netlink"
  packages = ["nl"]
  pruneopts = "U"
  revision = "bd6d5de5ccef2d66b0a26177928d0d8895d7f969"

[[projects]]
  digest = "1:37c47a4cb82f5f89bb47bc6c32a0f57d27e6a4ee340b68f452d43e102a5bf500"
  name = "github.com/vishvananda/netns"
  packages = ["."]
  pruneopts = "U"
  revision = "604eaf189ee867d8c147fafc28def2394e878d25"

[[projects]]
  branch = "master"
  digest = "1:2695e2bcf45f541dd32137a66c850066cf423134ffb8da738e2eabd9fb7123b2"
  name = "golang.org/x/crypto"
  packages = [
    "ed25519",
    "ed25519/internal/edwards25519",
    "pbkdf2",
    "ssh/terminal",
  ]
  pruneopts = "U"
  revision = "de0752318171da717af4ce24d0a2e8626afaeb11"

[[projects]]
  branch = "master"
  digest = "1:d651475205b0b6dfadda01a0dae0f040dc7cc5aeac9deea50522b5d5bcc66511"
  name = "golang.org/x/net"
  packages = [
    "context",
    "context/ctxhttp",
    "http/httpguts",
    "http2",
    "http2/hpack",
    "idna",
    "internal/socks",
    "internal/timeseries",
    "proxy",
    "trace",
  ]
  pruneopts = "U"
  revision = "f9ce57c11b242f0f1599cf25c89d8cb02c45295a"

[[projects]]
  branch = "master"
  digest = "1:3cb4f85ebc2d9f276ae8846ee0df323a557e98a50b691e30140c1d6949116c5b"
  name = "golang.org/x/sys"
  packages = [
    "unix",
    "windows",
  ]
  pruneopts = "U"
  revision = "904bdc257025c7b3f43c19360ad3ab85783fad78"

[[projects]]
  digest = "1:c2e1117b4ed0c703cec077c362bb170f03cb1c251bec7ee5c257976f191df129"
  name = "golang.org/x/text"
  packages = [
    "collate",
    "collate/build",
    "internal/colltab",
    "internal/gen",
    "internal/tag",
    "internal/triegen",
    "internal/ucd",
    "language",
    "secure/bidirule",
    "transform",
    "unicode/bidi",
    "unicode/cldr",
    "unicode/norm",
    "unicode/rangetable",
    "width",
  ]
  pruneopts = "U"
  revision = "f21a4dfb5e38f5895301dc265a8def02365cc3d0"
  version = "v0.3.0"

[[projects]]
  branch = "master"
  digest = "1:3093b95c04900b09356737257411f8457a7fc5e9b338859b12527320b77df092"
  name = "golang.org/x/time"
  packages = ["rate"]
  pruneopts = "U"
  revision = "fbb02b2291d28baffd63558aa44b4b56f178d650"

[[projects]]
  branch = "master"
  digest = "1:077c1c599507b3b3e9156d17d36e1e61928ee9b53a5b420f10f28ebd4a0b275c"
  name = "google.golang.org/genproto"
  packages = ["googleapis/rpc/status"]
  pruneopts = "U"
  revision = "383e8b2c3b9e36c4076b235b32537292176bae20"

[[projects]]
  digest = "1:019d89af01cc4d739b07351620f49988310b6e3f560c4dc84be5eba001c02902"
  name = "google.golang.org/grpc"
  packages = [
    ".",
    "balancer",
    "balancer/base",
    "balancer/roundrobin",
    "codes",
    "connectivity",
    "credentials",
    "encoding",
    "encoding/proto",
    "grpclog",
    "health/grpc_health_v1",
    "internal",
    "internal/backoff",
    "internal/channelz",
    "internal/envconfig",
    "internal/grpcrand",
    "internal/transport",
    "keepalive",
    "metadata",
    "naming",
    "peer",
    "resolver",
    "resolver/dns",
    "resolver/passthrough",
    "stats",
    "status",
    "tap",
  ]
  pruneopts = "U"
  revision = "32fb0ac620c32ba40a4626ddf94d90d12cce3455"
  version = "v1.14.0"

[[projects]]
  digest = "1:75fb3fcfc73a8c723efde7777b40e8e8ff9babf30d8c56160d01beffea8a95a6"
  name = "gopkg.in/inf.v0"
  packages = ["."]
  pruneopts = "U"
  revision = "d2d2541c53f18d2a059457998ce2876cc8e67cbf"
  version = "v0.9.1"

[[projects]]
  digest = "1:d4b758091833d248fac585d5e0e8a85ebc99327ce316de0001f1269ba5b89d37"
  name = "gopkg.in/square/go-jose.v2"
  packages = [
    ".",
    "cipher",
    "json",
    "jwt",
  ]
  pruneopts = "U"
  revision = "8254d6c783765f38c8675fae4427a1fe73fbd09d"
  version = "v2.1.8"

[[projects]]
  digest = "1:f0620375dd1f6251d9973b5f2596228cc8042e887cd7f827e4220bc1ce8c30e2"
  name = "gopkg.in/yaml.v2"
  packages = ["."]
  pruneopts = "U"
  revision = "5420a8b6744d3b0345ab293f6fcba19c978f1183"
  version = "v2.2.1"

[[projects]]
  digest = "1:9dc748235726d722663a9fff7eb504a577caf92621ee05d72c28286108035408"
  name = "k8s.io/api"
  packages = [
    "admissionregistration/v1alpha1",
    "admissionregistration/v1beta1",
    "apps/v1",
    "apps/v1beta1",
    "apps/v1beta2",
    "authentication/v1",
    "authentication/v1beta1",
    "authorization/v1",
    "authorization/v1beta1",
    "autoscaling/v1",
    "autoscaling/v2beta1",
    "batch/v1",
    "batch/v1beta1",
    "batch/v2alpha1",
    "certificates/v1beta1",
    "core/v1",
    "events/v1beta1",
    "extensions/v1beta1",
    "networking/v1",
    "policy/v1beta1",
    "rbac/v1",
    "rbac/v1alpha1",
    "rbac/v1beta1",
    "scheduling/v1alpha1",
    "scheduling/v1beta1",
    "settings/v1alpha1",
    "storage/v1",
    "storage/v1alpha1",
    "storage/v1beta1",
  ]
  pruneopts = "U"
  revision = "2d6f90ab1293a1fb871cf149423ebb72aa7423aa"
  version = "kubernetes-1.11.1"

[[projects]]
  branch = "master"
  digest = "1:fa432f3acd7631bca4888e8d0f1db60cc46aef6a2d85a7f87f0ade54ea0ba56e"
  name = "k8s.io/apiextensions-apiserver"
  packages = ["pkg/features"]
  pruneopts = "U"
  revision = "4d05e43ad98c1edcf2f52291685bd9bbc12fd2cd"

[[projects]]
  digest = "1:71c18ef1a0cb5c06ef28b802d029df6ba3e5dab1eb14394c9053e58b247d0c0c"
  name = "k8s.io/apimachinery"
  packages = [
    "pkg/api/equality",
    "pkg/api/errors",
    "pkg/api/meta",
    "pkg/api/resource",
    "pkg/api/validation",
    "pkg/apis/meta/internalversion",
    "pkg/apis/meta/v1",
    "pkg/apis/meta/v1/unstructured",
    "pkg/apis/meta/v1/validation",
    "pkg/apis/meta/v1beta1",
    "pkg/conversion",
    "pkg/conversion/queryparams",
    "pkg/fields",
    "pkg/labels",
    "pkg/runtime",
    "pkg/runtime/schema",
    "pkg/runtime/serializer",
    "pkg/runtime/serializer/json",
    "pkg/runtime/serializer/protobuf",
    "pkg/runtime/serializer/recognizer",
    "pkg/runtime/serializer/streaming",
    "pkg/runtime/serializer/versioning",
    "pkg/selection",
    "pkg/types",
    "pkg/util/cache",
    "pkg/util/clock",
    "pkg/util/diff",
    "pkg/util/duration",
    "pkg/util/errors",
    "pkg/util/framer",
    "pkg/util/intstr",
    "pkg/util/json",
    "pkg/util/mergepatch",
    "pkg/util/net",
    "pkg/util/runtime",
    "pkg/util/sets",
    "pkg/util/strategicpatch",
    "pkg/util/validation",
    "pkg/util/validation/field",
    "pkg/util/wait",
    "pkg/util/yaml",
    "pkg/version",
    "pkg/watch",
    "third_party/forked/golang/json",
    "third_party/forked/golang/reflect",
  ]
  pruneopts = "U"
  revision = "103fd098999dc9c0c88536f5c9ad2e5da39373ae"
  version = "kubernetes-1.11.1"

[[projects]]
  digest = "1:9e4b92314fa543e70456acff11d1497eff9ed3e0ab615c5098f133407ba4c39c"
  name = "k8s.io/apiserver"
  packages = [
    "pkg/apis/audit",
    "pkg/apis/audit/install",
    "pkg/apis/audit/v1alpha1",
    "pkg/apis/audit/v1beta1",
    "pkg/authentication/authenticator",
    "pkg/authentication/serviceaccount",
    "pkg/authentication/user",
    "pkg/features",
    "pkg/util/feature",
    "pkg/util/flag",
  ]
  pruneopts = "U"
  revision = "8b122ec9e3bbab91a262d17a39325e69349dc44d"
  version = "kubernetes-1.11.1"

[[projects]]
  digest = "1:bc294b7b6be7e6ffe3d0afc8d0538d7b66d62db995ff1783cc01d04b478693d8"
  name = "k8s.io/client-go"
  packages = [
    "discovery",
    "discovery/fake",
    "dynamic",
    "informers/core/v1",
    "informers/internalinterfaces",
    "kubernetes",
    "kubernetes/fake",
    "kubernetes/scheme",
    "kubernetes/typed/admissionregistration/v1alpha1",
    "kubernetes/typed/admissionregistration/v1alpha1/fake",
    "kubernetes/typed/admissionregistration/v1beta1",
    "kubernetes/typed/admissionregistration/v1beta1/fake",
    "kubernetes/typed/apps/v1",
    "kubernetes/typed/apps/v1/fake",
    "kubernetes/typed/apps/v1beta1",
    "kubernetes/typed/apps/v1beta1/fake",
    "kubernetes/typed/apps/v1beta2",
    "kubernetes/typed/apps/v1beta2/fake",
    "kubernetes/typed/authentication/v1",
    "kubernetes/typed/authentication/v1/fake",
    "kubernetes/typed/authentication/v1beta1",
    "kubernetes/typed/authentication/v1beta1/fake",
    "kubernetes/typed/authorization/v1",
    "kubernetes/typed/authorization/v1/fake",
    "kubernetes/typed/authorization/v1beta1",
    "kubernetes/typed/authorization/v1beta1/fake",
    "kubernetes/typed/autoscaling/v1",
    "kubernetes/typed/autoscaling/v1/fake",
    "kubernetes/typed/autoscaling/v2beta1",
    "kubernetes/typed/autoscaling/v2beta1/fake",
    "kubernetes/typed/batch/v1",
    "kubernetes/typed/batch/v1/fake",
    "kubernetes/typed/batch/v1beta1",
    "kubernetes/typed/batch/v1beta1/fake",
    "kubernetes/typed/batch/v2alpha1",
    "kubernetes/typed/batch/v2alpha1/fake",
    "kubernetes/typed/certificates/v1beta1",
    "kubernetes/typed/certificates/v1beta1/fake",
    "kubernetes/typed/core/v1",
    "kubernetes/typed/core/v1/fake",
    "kubernetes/typed/events/v1beta1",
    "kubernetes/typed/events/v1beta1/fake",
    "kubernetes/typed/extensions/v1beta1",
    "kubernetes/typed/extensions/v1beta1/fake",
    "kubernetes/typed/networking/v1",
    "kubernetes/typed/networking/v1/fake",
    "kubernetes/typed/policy/v1beta1",
    "kubernetes/typed/policy/v1beta1/fake",
    "kubernetes/typed/rbac/v1",
    "kubernetes/typed/rbac/v1/fake",
    "kubernetes/typed/rbac/v1alpha1",
    "kubernetes/typed/rbac/v1alpha1/fake",
    "kubernetes/typed/rbac/v1beta1",
    "kubernetes/typed/rbac/v1beta1/fake",
    "kubernetes/typed/scheduling/v1alpha1",
    "kubernetes/typed/scheduling/v1alpha1/fake",
    "kubernetes/typed/scheduling/v1beta1",
    "kubernetes/typed/scheduling/v1beta1/fake",
    "kubernetes/typed/settings/v1alpha1",
    "kubernetes/typed/settings/v1alpha1/fake",
    "kubernetes/typed/storage/v1",
    "kubernetes/typed/storage/v1/fake",
    "kubernetes/typed/storage/v1alpha1",
    "kubernetes/typed/storage/v1alpha1/fake",
    "kubernetes/typed/storage/v1beta1",
    "kubernetes/typed/storage/v1beta1/fake",
    "listers/core/v1",
    "pkg/apis/clientauthentication",
    "pkg/apis/clientauthentication/v1alpha1",
    "pkg/apis/clientauthentication/v1beta1",
    "pkg/version",
    "plugin/pkg/client/auth/exec",
    "rest",
    "rest/watch",
    "testing",
    "tools/auth",
    "tools/bootstrap/token/api",
    "tools/bootstrap/token/util",
    "tools/cache",
    "tools/clientcmd",
    "tools/clientcmd/api",
    "tools/clientcmd/api/latest",
    "tools/clientcmd/api/v1",
    "tools/metrics",
    "tools/pager",
    "tools/record",
    "tools/reference",
    "transport",
    "util/buffer",
    "util/cert",
    "util/connrotation",
    "util/flowcontrol",
    "util/homedir",
    "util/integer",
    "util/retry",
    "util/workqueue",
  ]
  pruneopts = "U"
  revision = "59698c7d9724b0f95f9dc9e7f7dfdcc3dfeceb82"
  version = "kubernetes-1.11.1"

[[projects]]
  branch = "master"
  digest = "1:9fd243a2ea896492129e02e30c6b16f3fd68f6e09329ab8804a98ffadd6b400d"
  name = "k8s.io/kube-openapi"
  packages = ["pkg/util/proto"]
  pruneopts = "U"
  revision = "e3762e86a74c878ffed47484592986685639c2cd"

[[projects]]
  digest = "1:7bc6b623813dc423743ea0bf9976477f9e879c769694ad7fd904ffa05d4218d9"
  name = "k8s.io/kubernetes"
  packages = [
    "cmd/kubeadm/app/apis/kubeadm",
    "cmd/kubeadm/app/apis/kubeadm/scheme",
    "cmd/kubeadm/app/apis/kubeadm/v1alpha1",
    "cmd/kubeadm/app/apis/kubeadm/v1alpha2",
    "cmd/kubeadm/app/apis/kubeadm/validation",
    "cmd/kubeadm/app/cmd",
    "cmd/kubeadm/app/cmd/options",
    "cmd/kubeadm/app/cmd/phases",
    "cmd/kubeadm/app/cmd/upgrade",
    "cmd/kubeadm/app/cmd/util",
    "cmd/kubeadm/app/constants",
    "cmd/kubeadm/app/discovery",
    "cmd/kubeadm/app/discovery/file",
    "cmd/kubeadm/app/discovery/https",
    "cmd/kubeadm/app/discovery/token",
    "cmd/kubeadm/app/features",
    "cmd/kubeadm/app/images",
    "cmd/kubeadm/app/phases/addons/dns",
    "cmd/kubeadm/app/phases/addons/proxy",
    "cmd/kubeadm/app/phases/bootstraptoken/clusterinfo",
    "cmd/kubeadm/app/phases/bootstraptoken/node",
    "cmd/kubeadm/app/phases/certs",
    "cmd/kubeadm/app/phases/certs/pkiutil",
    "cmd/kubeadm/app/phases/controlplane",
    "cmd/kubeadm/app/phases/etcd",
    "cmd/kubeadm/app/phases/kubeconfig",
    "cmd/kubeadm/app/phases/kubelet",
    "cmd/kubeadm/app/phases/markmaster",
    "cmd/kubeadm/app/phases/patchnode",
    "cmd/kubeadm/app/phases/selfhosting",
    "cmd/kubeadm/app/phases/upgrade",
    "cmd/kubeadm/app/phases/uploadconfig",
    "cmd/kubeadm/app/preflight",
    "cmd/kubeadm/app/util",
    "cmd/kubeadm/app/util/apiclient",
    "cmd/kubeadm/app/util/audit",
    "cmd/kubeadm/app/util/config",
    "cmd/kubeadm/app/util/dryrun",
    "cmd/kubeadm/app/util/etcd",
    "cmd/kubeadm/app/util/kubeconfig",
    "cmd/kubeadm/app/util/pubkeypin",
    "cmd/kubeadm/app/util/staticpod",
    "pkg/api/legacyscheme",
    "pkg/api/service",
    "pkg/api/v1/pod",
    "pkg/apis/autoscaling",
    "pkg/apis/core",
    "pkg/apis/core/helper",
    "pkg/apis/core/install",
    "pkg/apis/core/pods",
    "pkg/apis/core/v1",
    "pkg/apis/core/v1/helper",
    "pkg/apis/core/v1/helper/qos",
    "pkg/apis/core/validation",
    "pkg/apis/extensions",
    "pkg/apis/networking",
    "pkg/apis/policy",
    "pkg/apis/rbac",
    "pkg/apis/rbac/v1",
    "pkg/apis/scheduling",
    "pkg/capabilities",
    "pkg/controller",
    "pkg/controller/bootstrap",
    "pkg/features",
    "pkg/fieldpath",
    "pkg/generated",
    "pkg/kubeapiserver/authorizer/modes",
    "pkg/kubectl/util/i18n",
    "pkg/kubelet/apis",
    "pkg/kubelet/apis/kubeletconfig",
    "pkg/kubelet/apis/kubeletconfig/scheme",
    "pkg/kubelet/apis/kubeletconfig/v1beta1",
    "pkg/kubelet/apis/kubeletconfig/validation",
    "pkg/kubelet/qos",
    "pkg/kubelet/types",
    "pkg/master/ports",
    "pkg/proxy/apis/kubeproxyconfig",
    "pkg/proxy/apis/kubeproxyconfig/scheme",
    "pkg/proxy/apis/kubeproxyconfig/v1alpha1",
    "pkg/proxy/apis/kubeproxyconfig/validation",
    "pkg/registry/core/service/allocator",
    "pkg/registry/core/service/ipallocator",
    "pkg/scheduler/algorithm",
    "pkg/scheduler/algorithm/priorities/util",
    "pkg/scheduler/api",
    "pkg/scheduler/cache",
    "pkg/scheduler/util",
    "pkg/security/apparmor",
    "pkg/serviceaccount",
    "pkg/util/file",
    "pkg/util/hash",
    "pkg/util/initsystem",
    "pkg/util/ipvs",
    "pkg/util/metrics",
    "pkg/util/net/sets",
    "pkg/util/node",
    "pkg/util/normalizer",
    "pkg/util/parsers",
    "pkg/util/pointer",
    "pkg/util/procfs",
    "pkg/util/taints",
    "pkg/util/version",
    "pkg/version",
    "test/e2e_node/system",
  ]
  pruneopts = "U"
  revision = "bb9ffb1654d4a729bb4cec18ff088eacc153c239"
  version = "v1.11.2"

[[projects]]
  branch = "master"
  digest = "1:616d069e45b00e33055da32cd5a8d85e201a3ae9a122948fd5e472c915e812f6"
  name = "k8s.io/utils"
  packages = ["exec"]
  pruneopts = "U"
  revision = "045dc31ee5c40e8240241ce28dc24d7b56130373"

[solve-meta]
  analyzer-name = "dep"
  analyzer-version = 1
  input-imports = [
    "github.com/golang/glog",
    "github.com/renstrom/dedent",
    "github.com/spf13/cobra",
    "github.com/spf13/pflag",
    "k8s.io/api/apps/v1",
    "k8s.io/api/core/v1",
    "k8s.io/api/rbac/v1",
    "k8s.io/apimachinery/pkg/apis/meta/v1",
    "k8s.io/apimachinery/pkg/runtime",
    "k8s.io/apimachinery/pkg/util/sets",
    "k8s.io/apimachinery/pkg/util/wait",
    "k8s.io/apimachinery/pkg/version",
    "k8s.io/apiserver/pkg/util/flag",
    "k8s.io/client-go/kubernetes",
    "k8s.io/client-go/kubernetes/scheme",
    "k8s.io/client-go/util/cert",
    "k8s.io/kubernetes/cmd/kubeadm/app/apis/kubeadm",
    "k8s.io/kubernetes/cmd/kubeadm/app/apis/kubeadm/scheme",
    "k8s.io/kubernetes/cmd/kubeadm/app/apis/kubeadm/v1alpha2",
    "k8s.io/kubernetes/cmd/kubeadm/app/apis/kubeadm/validation",
    "k8s.io/kubernetes/cmd/kubeadm/app/cmd",
    "k8s.io/kubernetes/cmd/kubeadm/app/cmd/options",
    "k8s.io/kubernetes/cmd/kubeadm/app/cmd/upgrade",
    "k8s.io/kubernetes/cmd/kubeadm/app/constants",
    "k8s.io/kubernetes/cmd/kubeadm/app/discovery",
    "k8s.io/kubernetes/cmd/kubeadm/app/features",
    "k8s.io/kubernetes/cmd/kubeadm/app/images",
    "k8s.io/kubernetes/cmd/kubeadm/app/phases/addons/dns",
    "k8s.io/kubernetes/cmd/kubeadm/app/phases/addons/proxy",
    "k8s.io/kubernetes/cmd/kubeadm/app/phases/bootstraptoken/clusterinfo",
    "k8s.io/kubernetes/cmd/kubeadm/app/phases/bootstraptoken/node",
    "k8s.io/kubernetes/cmd/kubeadm/app/phases/certs",
    "k8s.io/kubernetes/cmd/kubeadm/app/phases/controlplane",
    "k8s.io/kubernetes/cmd/kubeadm/app/phases/etcd",
    "k8s.io/kubernetes/cmd/kubeadm/app/phases/kubeconfig",
    "k8s.io/kubernetes/cmd/kubeadm/app/phases/kubelet",
    "k8s.io/kubernetes/cmd/kubeadm/app/phases/markmaster",
    "k8s.io/kubernetes/cmd/kubeadm/app/phases/patchnode",
    "k8s.io/kubernetes/cmd/kubeadm/app/phases/selfhosting",
    "k8s.io/kubernetes/cmd/kubeadm/app/phases/uploadconfig",
    "k8s.io/kubernetes/cmd/kubeadm/app/preflight",
    "k8s.io/kubernetes/cmd/kubeadm/app/util",
    "k8s.io/kubernetes/cmd/kubeadm/app/util/apiclient",
    "k8s.io/kubernetes/cmd/kubeadm/app/util/config",
    "k8s.io/kubernetes/cmd/kubeadm/app/util/kubeconfig",
    "k8s.io/kubernetes/pkg/version",
    "k8s.io/utils/exec",
  ]
  solver-name = "gps-cdcl"
  solver-version = 1
